
Microsoft Visual Studio Solution File, Format Version 12.00
# Visual Studio 2013
VisualStudioVersion = 12.0.31101.0
MinimumVisualStudioVersion = 10.0.40219.1
Project("{F2A71F9B-5D33-465A-A702-920D77279786}") = "FSharp.MyLibraries.Tests", "FSharp.MyLibraries.Tests\FSharp.MyLibraries.Tests.fsproj", "{632F51CC-8C9C-4044-BCC2-BA0D21089E8A}"
EndProject
Project("{2150E333-8FDC-42A3-9474-1A3956D46DE8}") = ".nuget", ".nuget", "{CD5FE4FA-58D9-4A63-9448-C4153BEF21FF}"
	ProjectSection(SolutionItems) = preProject
		.nuget\packages.config = .nuget\packages.config
	EndProjectSection
EndProject
Project("{F2A71F9B-5D33-465A-A702-920D77279786}") = "FSharp.MyLibraries", "FSharp.MyLibrary\FSharp.MyLibraries.fsproj", "{BD2D0070-8A3A-404F-94F9-502E007C6364}"
EndProject
Project("{FAE04EC0-301F-11D3-BF4B-00C04F79EFBC}") = "JavaScript.Utilities", "JavaScript.Utilities\JavaScript.Utilities.csproj", "{500F233D-2FC6-4057-B51F-4D6CF99E52B3}"
EndProject
Global
	GlobalSection(SolutionConfigurationPlatforms) = preSolution
		Debug|Any CPU = Debug|Any CPU
		Release|Any CPU = Release|Any CPU
	EndGlobalSection
	GlobalSection(ProjectConfigurationPlatforms) = postSolution
		{632F51CC-8C9C-4044-BCC2-BA0D21089E8A}.Debug|Any CPU.ActiveCfg = Debug|Any CPU
		{632F51CC-8C9C-4044-BCC2-BA0D21089E8A}.Debug|Any CPU.Build.0 = Debug|Any CPU
		{632F51CC-8C9C-4044-BCC2-BA0D21089E8A}.Release|Any CPU.ActiveCfg = Release|Any CPU
		{632F51CC-8C9C-4044-BCC2-BA0D21089E8A}.Release|Any CPU.Build.0 = Release|Any CPU
		{BD2D0070-8A3A-404F-94F9-502E007C6364}.Debug|Any CPU.ActiveCfg = Debug|Any CPU
		{BD2D0070-8A3A-404F-94F9-502E007C6364}.Debug|Any CPU.Build.0 = Debug|Any CPU
		{BD2D0070-8A3A-404F-94F9-502E007C6364}.Release|Any CPU.ActiveCfg = Release|Any CPU
		{BD2D0070-8A3A-404F-94F9-502E007C6364}.Release|Any CPU.Build.0 = Release|Any CPU
		{500F233D-2FC6-4057-B51F-4D6CF99E52B3}.Debug|Any CPU.ActiveCfg = Debug|Any CPU
		{500F233D-2FC6-4057-B51F-4D6CF99E52B3}.Debug|Any CPU.Build.0 = Debug|Any CPU
		{500F233D-2FC6-4057-B51F-4D6CF99E52B3}.Release|Any CPU.ActiveCfg = Release|Any CPU
		{500F233D-2FC6-4057-B51F-4D6CF99E52B3}.Release|Any CPU.Build.0 = Release|Any CPU
	EndGlobalSection
	GlobalSection(SolutionProperties) = preSolution
		HideSolutionNode = FALSE
	EndGlobalSection
EndGlobal
